
Microsoft Visual Studio Solution File, Format Version 12.00
# Visual Studio Version 17
VisualStudioVersion = 17.9.34714.143
MinimumVisualStudioVersion = 10.0.40219.1
Project("{888888A0-9F3D-457C-B088-3A5042F75D52}") = "P_TimKSaoChoS(k)LonNhatNhungNhoHonN", "P_TimKSaoChoS(k)LonNhatNhungNhoHonN.pyproj", "{69C52E98-5B1E-45A5-A94E-6A99AF6AB645}"
EndProject
Global
	GlobalSection(SolutionConfigurationPlatforms) = preSolution
		Debug|Any CPU = Debug|Any CPU
		Release|Any CPU = Release|Any CPU
	EndGlobalSection
	GlobalSection(ProjectConfigurationPlatforms) = postSolution
		{69C52E98-5B1E-45A5-A94E-6A99AF6AB645}.Debug|Any CPU.ActiveCfg = Debug|Any CPU
		{69C52E98-5B1E-45A5-A94E-6A99AF6AB645}.Release|Any CPU.ActiveCfg = Release|Any CPU
	EndGlobalSection
	GlobalSection(SolutionProperties) = preSolution
		HideSolutionNode = FALSE
	EndGlobalSection
	GlobalSection(ExtensibilityGlobals) = postSolution
		SolutionGuid = {9EC39B2B-D6E4-441D-808F-226663332D5F}
	EndGlobalSection
EndGlobal
